// !$*UTF8*$!
{
	archiveVersion = 1;
	classes = {
	};
	objectVersion = 55;
	objects = {

/* Begin PBXBuildFile section */
		26521C4628A43F160003F7E7 /* AppDelegate.swift in Sources */ = {isa = PBXBuildFile; fileRef = 26521C4528A43F160003F7E7 /* AppDelegate.swift */; };
		26521C4A28A43F160003F7E7 /* Main.html in Resources */ = {isa = PBXBuildFile; fileRef = 26521C4828A43F160003F7E7 /* Main.html */; };
		26521C4C28A43F160003F7E7 /* Icon.png in Resources */ = {isa = PBXBuildFile; fileRef = 26521C4B28A43F160003F7E7 /* Icon.png */; };
		26521C4E28A43F160003F7E7 /* Style.css in Resources */ = {isa = PBXBuildFile; fileRef = 26521C4D28A43F160003F7E7 /* Style.css */; };
		26521C5028A43F160003F7E7 /* SceneDelegate.swift in Sources */ = {isa = PBXBuildFile; fileRef = 26521C4F28A43F160003F7E7 /* SceneDelegate.swift */; };
		26521C5228A43F160003F7E7 /* ViewController.swift in Sources */ = {isa = PBXBuildFile; fileRef = 26521C5128A43F160003F7E7 /* ViewController.swift */; };
		26521C5528A43F160003F7E7 /* LaunchScreen.storyboard in Resources */ = {isa = PBXBuildFile; fileRef = 26521C5328A43F160003F7E7 /* LaunchScreen.storyboard */; };
		26521C5828A43F160003F7E7 /* Main.storyboard in Resources */ = {isa = PBXBuildFile; fileRef = 26521C5628A43F160003F7E7 /* Main.storyboard */; };
		26521C6428A43F1B0003F7E7 /* AML_testTests.swift in Sources */ = {isa = PBXBuildFile; fileRef = 26521C6328A43F1B0003F7E7 /* AML_testTests.swift */; };
		26521C6E28A43F1B0003F7E7 /* AML_testUITests.swift in Sources */ = {isa = PBXBuildFile; fileRef = 26521C6D28A43F1B0003F7E7 /* AML_testUITests.swift */; };
		26521C7028A43F1B0003F7E7 /* AML_testUITestsLaunchTests.swift in Sources */ = {isa = PBXBuildFile; fileRef = 26521C6F28A43F1B0003F7E7 /* AML_testUITestsLaunchTests.swift */; };
		26521C7628A43F1B0003F7E7 /* AML test Extension.appex in Embed App Extensions */ = {isa = PBXBuildFile; fileRef = 26521C7528A43F1B0003F7E7 /* AML test Extension.appex */; settings = {ATTRIBUTES = (RemoveHeadersOnCopy, ); }; };
		26521C7B28A43F1B0003F7E7 /* SafariWebExtensionHandler.swift in Sources */ = {isa = PBXBuildFile; fileRef = 26521C7A28A43F1B0003F7E7 /* SafariWebExtensionHandler.swift */; };
		26521C7E28A43F1B0003F7E7 /* _locales in Resources */ = {isa = PBXBuildFile; fileRef = 26521C7D28A43F1B0003F7E7 /* _locales */; };
		26521C8028A43F1B0003F7E7 /* images in Resources */ = {isa = PBXBuildFile; fileRef = 26521C7F28A43F1B0003F7E7 /* images */; };
		26521C8228A43F1B0003F7E7 /* manifest.json in Resources */ = {isa = PBXBuildFile; fileRef = 26521C8128A43F1B0003F7E7 /* manifest.json */; };
		26521C8428A43F1B0003F7E7 /* background.js in Resources */ = {isa = PBXBuildFile; fileRef = 26521C8328A43F1B0003F7E7 /* background.js */; };
		26521C8628A43F1B0003F7E7 /* content.js in Resources */ = {isa = PBXBuildFile; fileRef = 26521C8528A43F1B0003F7E7 /* content.js */; };
		26521C8828A43F1B0003F7E7 /* popup.html in Resources */ = {isa = PBXBuildFile; fileRef = 26521C8728A43F1B0003F7E7 /* popup.html */; };
		26521C8A28A43F1B0003F7E7 /* popup.css in Resources */ = {isa = PBXBuildFile; fileRef = 26521C8928A43F1B0003F7E7 /* popup.css */; };
		26521C8C28A43F1B0003F7E7 /* popup.js in Resources */ = {isa = PBXBuildFile; fileRef = 26521C8B28A43F1B0003F7E7 /* popup.js */; };
		26521C8E28A43F1B0003F7E7 /* Assets.xcassets in Resources */ = {isa = PBXBuildFile; fileRef = 26521C5928A43F1A0003F7E7 /* Assets.xcassets */; };
/* End PBXBuildFile section */

/* Begin PBXContainerItemProxy section */
		26521C6028A43F1B0003F7E7 /* PBXContainerItemProxy */ = {
			isa = PBXContainerItemProxy;
			containerPortal = 26521C3A28A43F160003F7E7 /* Project object */;
			proxyType = 1;
			remoteGlobalIDString = 26521C4128A43F160003F7E7;
			remoteInfo = "AML test";
		};
		26521C6A28A43F1B0003F7E7 /* PBXContainerItemProxy */ = {
			isa = PBXContainerItemProxy;
			containerPortal = 26521C3A28A43F160003F7E7 /* Project object */;
			proxyType = 1;
			remoteGlobalIDString = 26521C4128A43F160003F7E7;
			remoteInfo = "AML test";
		};
		26521C7728A43F1B0003F7E7 /* PBXContainerItemProxy */ = {
			isa = PBXContainerItemProxy;
			containerPortal = 26521C3A28A43F160003F7E7 /* Project object */;
			proxyType = 1;
			remoteGlobalIDString = 26521C7428A43F1B0003F7E7;
			remoteInfo = "AML test Extension";
		};
/* End PBXContainerItemProxy section */

/* Begin PBXCopyFilesBuildPhase section */
		26521C9428A43F1B0003F7E7 /* Embed App Extensions */ = {
			isa = PBXCopyFilesBuildPhase;
			buildActionMask = 2147483647;
			dstPath = "";
			dstSubfolderSpec = 13;
			files = (
				26521C7628A43F1B0003F7E7 /* AML test Extension.appex in Embed App Extensions */,
			);
			name = "Embed App Extensions";
			runOnlyForDeploymentPostprocessing = 0;
		};
/* End PBXCopyFilesBuildPhase section */

/* Begin PBXFileReference section */
		26521C4228A43F160003F7E7 /* AML test.app */ = {isa = PBXFileReference; explicitFileType = wrapper.application; includeInIndex = 0; path = "AML test.app"; sourceTree = BUILT_PRODUCTS_DIR; };
		26521C4528A43F160003F7E7 /* AppDelegate.swift */ = {isa = PBXFileReference; lastKnownFileType = sourcecode.swift; path = AppDelegate.swift; sourceTree = "<group>"; };
		26521C4928A43F160003F7E7 /* Base */ = {isa = PBXFileReference; lastKnownFileType = text.html; name = Base; path = ../Base.lproj/Main.html; sourceTree = "<group>"; };
		26521C4B28A43F160003F7E7 /* Icon.png */ = {isa = PBXFileReference; lastKnownFileType = image.png; path = Icon.png; sourceTree = "<group>"; };
		26521C4D28A43F160003F7E7 /* Style.css */ = {isa = PBXFileReference; lastKnownFileType = text.css; path = Style.css; sourceTree = "<group>"; };
		26521C4F28A43F160003F7E7 /* SceneDelegate.swift */ = {isa = PBXFileReference; lastKnownFileType = sourcecode.swift; path = SceneDelegate.swift; sourceTree = "<group>"; };
		26521C5128A43F160003F7E7 /* ViewController.swift */ = {isa = PBXFileReference; lastKnownFileType = sourcecode.swift; path = ViewController.swift; sourceTree = "<group>"; };
		26521C5428A43F160003F7E7 /* Base */ = {isa = PBXFileReference; lastKnownFileType = file.storyboard; name = Base; path = Base.lproj/LaunchScreen.storyboard; sourceTree = "<group>"; };
		26521C5728A43F160003F7E7 /* Base */ = {isa = PBXFileReference; lastKnownFileType = file.storyboard; name = Base; path = Base.lproj/Main.storyboard; sourceTree = "<group>"; };
		26521C5928A43F1A0003F7E7 /* Assets.xcassets */ = {isa = PBXFileReference; lastKnownFileType = folder.assetcatalog; path = Assets.xcassets; sourceTree = "<group>"; };
		26521C5A28A43F1A0003F7E7 /* Info.plist */ = {isa = PBXFileReference; lastKnownFileType = text.plist.xml; path = Info.plist; sourceTree = "<group>"; };
		26521C5F28A43F1B0003F7E7 /* AML testTests.xctest */ = {isa = PBXFileReference; explicitFileType = wrapper.cfbundle; includeInIndex = 0; path = "AML testTests.xctest"; sourceTree = BUILT_PRODUCTS_DIR; };
		26521C6328A43F1B0003F7E7 /* AML_testTests.swift */ = {isa = PBXFileReference; lastKnownFileType = sourcecode.swift; path = AML_testTests.swift; sourceTree = "<group>"; };
		26521C6928A43F1B0003F7E7 /* AML testUITests.xctest */ = {isa = PBXFileReference; explicitFileType = wrapper.cfbundle; includeInIndex = 0; path = "AML testUITests.xctest"; sourceTree = BUILT_PRODUCTS_DIR; };
		26521C6D28A43F1B0003F7E7 /* AML_testUITests.swift */ = {isa = PBXFileReference; lastKnownFileType = sourcecode.swift; path = AML_testUITests.swift; sourceTree = "<group>"; };
		26521C6F28A43F1B0003F7E7 /* AML_testUITestsLaunchTests.swift */ = {isa = PBXFileReference; lastKnownFileType = sourcecode.swift; path = AML_testUITestsLaunchTests.swift; sourceTree = "<group>"; };
		26521C7528A43F1B0003F7E7 /* AML test Extension.appex */ = {isa = PBXFileReference; explicitFileType = "wrapper.app-extension"; includeInIndex = 0; path = "AML test Extension.appex"; sourceTree = BUILT_PRODUCTS_DIR; };
		26521C7A28A43F1B0003F7E7 /* SafariWebExtensionHandler.swift */ = {isa = PBXFileReference; lastKnownFileType = sourcecode.swift; path = SafariWebExtensionHandler.swift; sourceTree = "<group>"; };
		26521C7D28A43F1B0003F7E7 /* _locales */ = {isa = PBXFileReference; lastKnownFileType = folder; path = _locales; sourceTree = "<group>"; };
		26521C7F28A43F1B0003F7E7 /* images */ = {isa = PBXFileReference; lastKnownFileType = folder; path = images; sourceTree = "<group>"; };
		26521C8128A43F1B0003F7E7 /* manifest.json */ = {isa = PBXFileReference; lastKnownFileType = text.json; path = manifest.json; sourceTree = "<group>"; };
		26521C8328A43F1B0003F7E7 /* background.js */ = {isa = PBXFileReference; lastKnownFileType = sourcecode.javascript; path = background.js; sourceTree = "<group>"; };
		26521C8528A43F1B0003F7E7 /* content.js */ = {isa = PBXFileReference; lastKnownFileType = sourcecode.javascript; path = content.js; sourceTree = "<group>"; };
		26521C8728A43F1B0003F7E7 /* popup.html */ = {isa = PBXFileReference; lastKnownFileType = text.html; path = popup.html; sourceTree = "<group>"; };
		26521C8928A43F1B0003F7E7 /* popup.css */ = {isa = PBXFileReference; lastKnownFileType = text.css; path = popup.css; sourceTree = "<group>"; };
		26521C8B28A43F1B0003F7E7 /* popup.js */ = {isa = PBXFileReference; lastKnownFileType = sourcecode.javascript; path = popup.js; sourceTree = "<group>"; };
		26521C8D28A43F1B0003F7E7 /* Info.plist */ = {isa = PBXFileReference; lastKnownFileType = text.plist.xml; path = Info.plist; sourceTree = "<group>"; };
/* End PBXFileReference section */

/* Begin PBXFrameworksBuildPhase section */
		26521C3F28A43F160003F7E7 /* Frameworks */ = {
			isa = PBXFrameworksBuildPhase;
			buildActionMask = 2147483647;
			files = (
			);
			runOnlyForDeploymentPostprocessing = 0;
		};
		26521C5C28A43F1B0003F7E7 /* Frameworks */ = {
			isa = PBXFrameworksBuildPhase;
			buildActionMask = 2147483647;
			files = (
			);
			runOnlyForDeploymentPostprocessing = 0;
		};
		26521C6628A43F1B0003F7E7 /* Frameworks */ = {
			isa = PBXFrameworksBuildPhase;
			buildActionMask = 2147483647;
			files = (
			);
			runOnlyForDeploymentPostprocessing = 0;
		};
		26521C7228A43F1B0003F7E7 /* Frameworks */ = {
			isa = PBXFrameworksBuildPhase;
			buildActionMask = 2147483647;
			files = (
			);
			runOnlyForDeploymentPostprocessing = 0;
		};
/* End PBXFrameworksBuildPhase section */

/* Begin PBXGroup section */
		26521C3928A43F160003F7E7 = {
			isa = PBXGroup;
			children = (
				26521C4428A43F160003F7E7 /* AML test */,
				26521C6228A43F1B0003F7E7 /* AML testTests */,
				26521C6C28A43F1B0003F7E7 /* AML testUITests */,
				26521C7928A43F1B0003F7E7 /* AML test Extension */,
				26521C4328A43F160003F7E7 /* Products */,
			);
			sourceTree = "<group>";
		};
		26521C4328A43F160003F7E7 /* Products */ = {
			isa = PBXGroup;
			children = (
				26521C4228A43F160003F7E7 /* AML test.app */,
				26521C5F28A43F1B0003F7E7 /* AML testTests.xctest */,
				26521C6928A43F1B0003F7E7 /* AML testUITests.xctest */,
				26521C7528A43F1B0003F7E7 /* AML test Extension.appex */,
			);
			name = Products;
			sourceTree = "<group>";
		};
		26521C4428A43F160003F7E7 /* AML test */ = {
			isa = PBXGroup;
			children = (
				26521C4528A43F160003F7E7 /* AppDelegate.swift */,
				26521C4F28A43F160003F7E7 /* SceneDelegate.swift */,
				26521C5128A43F160003F7E7 /* ViewController.swift */,
				26521C5328A43F160003F7E7 /* LaunchScreen.storyboard */,
				26521C5628A43F160003F7E7 /* Main.storyboard */,
				26521C5928A43F1A0003F7E7 /* Assets.xcassets */,
				26521C5A28A43F1A0003F7E7 /* Info.plist */,
				26521C4728A43F160003F7E7 /* Resources */,
			);
			path = "AML test";
			sourceTree = "<group>";
		};
		26521C4728A43F160003F7E7 /* Resources */ = {
			isa = PBXGroup;
			children = (
				26521C4828A43F160003F7E7 /* Main.html */,
				26521C4B28A43F160003F7E7 /* Icon.png */,
				26521C4D28A43F160003F7E7 /* Style.css */,
			);
			path = Resources;
			sourceTree = "<group>";
		};
		26521C6228A43F1B0003F7E7 /* AML testTests */ = {
			isa = PBXGroup;
			children = (
				26521C6328A43F1B0003F7E7 /* AML_testTests.swift */,
			);
			path = "AML testTests";
			sourceTree = "<group>";
		};
		26521C6C28A43F1B0003F7E7 /* AML testUITests */ = {
			isa = PBXGroup;
			children = (
				26521C6D28A43F1B0003F7E7 /* AML_testUITests.swift */,
				26521C6F28A43F1B0003F7E7 /* AML_testUITestsLaunchTests.swift */,
			);
			path = "AML testUITests";
			sourceTree = "<group>";
		};
		26521C7928A43F1B0003F7E7 /* AML test Extension */ = {
			isa = PBXGroup;
			children = (
				26521C7A28A43F1B0003F7E7 /* SafariWebExtensionHandler.swift */,
				26521C8D28A43F1B0003F7E7 /* Info.plist */,
				26521C7C28A43F1B0003F7E7 /* Resources */,
			);
			path = "AML test Extension";
			sourceTree = "<group>";
		};
		26521C7C28A43F1B0003F7E7 /* Resources */ = {
			isa = PBXGroup;
			children = (
				26521C7D28A43F1B0003F7E7 /* _locales */,
				26521C7F28A43F1B0003F7E7 /* images */,
				26521C8128A43F1B0003F7E7 /* manifest.json */,
				26521C8328A43F1B0003F7E7 /* background.js */,
				26521C8528A43F1B0003F7E7 /* content.js */,
				26521C8728A43F1B0003F7E7 /* popup.html */,
				26521C8928A43F1B0003F7E7 /* popup.css */,
				26521C8B28A43F1B0003F7E7 /* popup.js */,
			);
			path = Resources;
			sourceTree = "<group>";
		};
/* End PBXGroup section */

/* Begin PBXNativeTarget section */
		26521C4128A43F160003F7E7 /* AML test */ = {
			isa = PBXNativeTarget;
			buildConfigurationList = 26521C9528A43F1B0003F7E7 /* Build configuration list for PBXNativeTarget "AML test" */;
			buildPhases = (
				26521C3E28A43F160003F7E7 /* Sources */,
				26521C3F28A43F160003F7E7 /* Frameworks */,
				26521C4028A43F160003F7E7 /* Resources */,
				26521C9428A43F1B0003F7E7 /* Embed App Extensions */,
			);
			buildRules = (
			);
			dependencies = (
				26521C7828A43F1B0003F7E7 /* PBXTargetDependency */,
			);
			name = "AML test";
			productName = "AML test";
			productReference = 26521C4228A43F160003F7E7 /* AML test.app */;
			productType = "com.apple.product-type.application";
		};
		26521C5E28A43F1B0003F7E7 /* AML testTests */ = {
			isa = PBXNativeTarget;
			buildConfigurationList = 26521C9828A43F1B0003F7E7 /* Build configuration list for PBXNativeTarget "AML testTests" */;
			buildPhases = (
				26521C5B28A43F1B0003F7E7 /* Sources */,
				26521C5C28A43F1B0003F7E7 /* Frameworks */,
				26521C5D28A43F1B0003F7E7 /* Resources */,
			);
			buildRules = (
			);
			dependencies = (
				26521C6128A43F1B0003F7E7 /* PBXTargetDependency */,
			);
			name = "AML testTests";
			productName = "AML testTests";
			productReference = 26521C5F28A43F1B0003F7E7 /* AML testTests.xctest */;
			productType = "com.apple.product-type.bundle.unit-test";
		};
		26521C6828A43F1B0003F7E7 /* AML testUITests */ = {
			isa = PBXNativeTarget;
			buildConfigurationList = 26521C9B28A43F1B0003F7E7 /* Build configuration list for PBXNativeTarget "AML testUITests" */;
			buildPhases = (
				26521C6528A43F1B0003F7E7 /* Sources */,
				26521C6628A43F1B0003F7E7 /* Frameworks */,
				26521C6728A43F1B0003F7E7 /* Resources */,
			);
			buildRules = (
			);
			dependencies = (
				26521C6B28A43F1B0003F7E7 /* PBXTargetDependency */,
			);
			name = "AML testUITests";
			productName = "AML testUITests";
			productReference = 26521C6928A43F1B0003F7E7 /* AML testUITests.xctest */;
			productType = "com.apple.product-type.bundle.ui-testing";
		};
		26521C7428A43F1B0003F7E7 /* AML test Extension */ = {
			isa = PBXNativeTarget;
			buildConfigurationList = 26521C9128A43F1B0003F7E7 /* Build configuration list for PBXNativeTarget "AML test Extension" */;
			buildPhases = (
				26521C7128A43F1B0003F7E7 /* Sources */,
				26521C7228A43F1B0003F7E7 /* Frameworks */,
				26521C7328A43F1B0003F7E7 /* Resources */,
			);
			buildRules = (
			);
			dependencies = (
			);
			name = "AML test Extension";
			productName = "AML test Extension";
			productReference = 26521C7528A43F1B0003F7E7 /* AML test Extension.appex */;
			productType = "com.apple.product-type.app-extension";
		};
/* End PBXNativeTarget section */

/* Begin PBXProject section */
		26521C3A28A43F160003F7E7 /* Project object */ = {
			isa = PBXProject;
			attributes = {
				BuildIndependentTargetsInParallel = 1;
				LastSwiftUpdateCheck = 1340;
				LastUpgradeCheck = 1340;
				TargetAttributes = {
					26521C4128A43F160003F7E7 = {
						CreatedOnToolsVersion = 13.4.1;
					};
					26521C5E28A43F1B0003F7E7 = {
						CreatedOnToolsVersion = 13.4.1;
						TestTargetID = 26521C4128A43F160003F7E7;
					};
					26521C6828A43F1B0003F7E7 = {
						CreatedOnToolsVersion = 13.4.1;
						TestTargetID = 26521C4128A43F160003F7E7;
					};
					26521C7428A43F1B0003F7E7 = {
						CreatedOnToolsVersion = 13.4.1;
					};
				};
			};
			buildConfigurationList = 26521C3D28A43F160003F7E7 /* Build configuration list for PBXProject "AML test" */;
			compatibilityVersion = "Xcode 13.0";
			developmentRegion = en;
			hasScannedForEncodings = 0;
			knownRegions = (
				en,
				Base,
			);
			mainGroup = 26521C3928A43F160003F7E7;
			productRefGroup = 26521C4328A43F160003F7E7 /* Products */;
			projectDirPath = "";
			projectRoot = "";
			targets = (
				26521C4128A43F160003F7E7 /* AML test */,
				26521C5E28A43F1B0003F7E7 /* AML testTests */,
				26521C6828A43F1B0003F7E7 /* AML testUITests */,
				26521C7428A43F1B0003F7E7 /* AML test Extension */,
			);
		};
/* End PBXProject section */

/* Begin PBXResourcesBuildPhase section */
		26521C4028A43F160003F7E7 /* Resources */ = {
			isa = PBXResourcesBuildPhase;
			buildActionMask = 2147483647;
			files = (
				26521C4C28A43F160003F7E7 /* Icon.png in Resources */,
				26521C5828A43F160003F7E7 /* Main.storyboard in Resources */,
				26521C5528A43F160003F7E7 /* LaunchScreen.storyboard in Resources */,
				26521C4A28A43F160003F7E7 /* Main.html in Resources */,
				26521C8E28A43F1B0003F7E7 /* Assets.xcassets in Resources */,
				26521C4E28A43F160003F7E7 /* Style.css in Resources */,
			);
			runOnlyForDeploymentPostprocessing = 0;
		};
		26521C5D28A43F1B0003F7E7 /* Resources */ = {
			isa = PBXResourcesBuildPhase;
			buildActionMask = 2147483647;
			files = (
			);
			runOnlyForDeploymentPostprocessing = 0;
		};
		26521C6728A43F1B0003F7E7 /* Resources */ = {
			isa = PBXResourcesBuildPhase;
			buildActionMask = 2147483647;
			files = (
			);
			runOnlyForDeploymentPostprocessing = 0;
		};
		26521C7328A43F1B0003F7E7 /* Resources */ = {
			isa = PBXResourcesBuildPhase;
			buildActionMask = 2147483647;
			files = (
				26521C8428A43F1B0003F7E7 /* background.js in Resources */,
				26521C8A28A43F1B0003F7E7 /* popup.css in Resources */,
				26521C8828A43F1B0003F7E7 /* popup.html in Resources */,
				26521C8028A43F1B0003F7E7 /* images in Resources */,
				26521C8228A43F1B0003F7E7 /* manifest.json in Resources */,
				26521C7E28A43F1B0003F7E7 /* _locales in Resources */,
				26521C8628A43F1B0003F7E7 /* content.js in Resources */,
				26521C8C28A43F1B0003F7E7 /* popup.js in Resources */,
			);
			runOnlyForDeploymentPostprocessing = 0;
		};
/* End PBXResourcesBuildPhase section */

/* Begin PBXSourcesBuildPhase section */
		26521C3E28A43F160003F7E7 /* Sources */ = {
			isa = PBXSourcesBuildPhase;
			buildActionMask = 2147483647;
			files = (
				26521C5228A43F160003F7E7 /* ViewController.swift in Sources */,
				26521C4628A43F160003F7E7 /* AppDelegate.swift in Sources */,
				26521C5028A43F160003F7E7 /* SceneDelegate.swift in Sources */,
			);
			runOnlyForDeploymentPostprocessing = 0;
		};
		26521C5B28A43F1B0003F7E7 /* Sources */ = {
			isa = PBXSourcesBuildPhase;
			buildActionMask = 2147483647;
			files = (
				26521C6428A43F1B0003F7E7 /* AML_testTests.swift in Sources */,
			);
			runOnlyForDeploymentPostprocessing = 0;
		};
		26521C6528A43F1B0003F7E7 /* Sources */ = {
			isa = PBXSourcesBuildPhase;
			buildActionMask = 2147483647;
			files = (
				26521C7028A43F1B0003F7E7 /* AML_testUITestsLaunchTests.swift in Sources */,
				26521C6E28A43F1B0003F7E7 /* AML_testUITests.swift in Sources */,
			);
			runOnlyForDeploymentPostprocessing = 0;
		};
		26521C7128A43F1B0003F7E7 /* Sources */ = {
			isa = PBXSourcesBuildPhase;
			buildActionMask = 2147483647;
			files = (
				26521C7B28A43F1B0003F7E7 /* SafariWebExtensionHandler.swift in Sources */,
			);
			runOnlyForDeploymentPostprocessing = 0;
		};
/* End PBXSourcesBuildPhase section */

/* Begin PBXTargetDependency section */
		26521C6128A43F1B0003F7E7 /* PBXTargetDependency */ = {
			isa = PBXTargetDependency;
			target = 26521C4128A43F160003F7E7 /* AML test */;
			targetProxy = 26521C6028A43F1B0003F7E7 /* PBXContainerItemProxy */;
		};
		26521C6B28A43F1B0003F7E7 /* PBXTargetDependency */ = {
			isa = PBXTargetDependency;
			target = 26521C4128A43F160003F7E7 /* AML test */;
			targetProxy = 26521C6A28A43F1B0003F7E7 /* PBXContainerItemProxy */;
		};
		26521C7828A43F1B0003F7E7 /* PBXTargetDependency */ = {
			isa = PBXTargetDependency;
			target = 26521C7428A43F1B0003F7E7 /* AML test Extension */;
			targetProxy = 26521C7728A43F1B0003F7E7 /* PBXContainerItemProxy */;
		};
/* End PBXTargetDependency section */

/* Begin PBXVariantGroup section */
		26521C4828A43F160003F7E7 /* Main.html */ = {
			isa = PBXVariantGroup;
			children = (
				26521C4928A43F160003F7E7 /* Base */,
			);
			name = Main.html;
			sourceTree = "<group>";
		};
		26521C5328A43F160003F7E7 /* LaunchScreen.storyboard */ = {
			isa = PBXVariantGroup;
			children = (
				26521C5428A43F160003F7E7 /* Base */,
			);
			name = LaunchScreen.storyboard;
			sourceTree = "<group>";
		};
		26521C5628A43F160003F7E7 /* Main.storyboard */ = {
			isa = PBXVariantGroup;
			children = (
				26521C5728A43F160003F7E7 /* Base */,
			);
			name = Main.storyboard;
			sourceTree = "<group>";
		};
/* End PBXVariantGroup section */

/* Begin XCBuildConfiguration section */
		26521C8F28A43F1B0003F7E7 /* Debug */ = {
			isa = XCBuildConfiguration;
			buildSettings = {
				ALWAYS_SEARCH_USER_PATHS = NO;
				CLANG_ANALYZER_NONNULL = YES;
				CLANG_ANALYZER_NUMBER_OBJECT_CONVERSION = YES_AGGRESSIVE;
				CLANG_CXX_LANGUAGE_STANDARD = "gnu++17";
				CLANG_ENABLE_MODULES = YES;
				CLANG_ENABLE_OBJC_ARC = YES;
				CLANG_ENABLE_OBJC_WEAK = YES;
				CLANG_WARN_BLOCK_CAPTURE_AUTORELEASING = YES;
				CLANG_WARN_BOOL_CONVERSION = YES;
				CLANG_WARN_COMMA = YES;
				CLANG_WARN_CONSTANT_CONVERSION = YES;
				CLANG_WARN_DEPRECATED_OBJC_IMPLEMENTATIONS = YES;
				CLANG_WARN_DIRECT_OBJC_ISA_USAGE = YES_ERROR;
				CLANG_WARN_DOCUMENTATION_COMMENTS = YES;
				CLANG_WARN_EMPTY_BODY = YES;
				CLANG_WARN_ENUM_CONVERSION = YES;
				CLANG_WARN_INFINITE_RECURSION = YES;
				CLANG_WARN_INT_CONVERSION = YES;
				CLANG_WARN_NON_LITERAL_NULL_CONVERSION = YES;
				CLANG_WARN_OBJC_IMPLICIT_RETAIN_SELF = YES;
				CLANG_WARN_OBJC_LITERAL_CONVERSION = YES;
				CLANG_WARN_OBJC_ROOT_CLASS = YES_ERROR;
				CLANG_WARN_QUOTED_INCLUDE_IN_FRAMEWORK_HEADER = YES;
				CLANG_WARN_RANGE_LOOP_ANALYSIS = YES;
				CLANG_WARN_STRICT_PROTOTYPES = YES;
				CLANG_WARN_SUSPICIOUS_MOVE = YES;
				CLANG_WARN_UNGUARDED_AVAILABILITY = YES_AGGRESSIVE;
				CLANG_WARN_UNREACHABLE_CODE = YES;
				CLANG_WARN__DUPLICATE_METHOD_MATCH = YES;
				COPY_PHASE_STRIP = NO;
				DEBUG_INFORMATION_FORMAT = dwarf;
				ENABLE_STRICT_OBJC_MSGSEND = YES;
				ENABLE_TESTABILITY = YES;
				GCC_C_LANGUAGE_STANDARD = gnu11;
				GCC_DYNAMIC_NO_PIC = NO;
				GCC_NO_COMMON_BLOCKS = YES;
				GCC_OPTIMIZATION_LEVEL = 0;
				GCC_PREPROCESSOR_DEFINITIONS = (
					"DEBUG=1",
					"$(inherited)",
				);
				GCC_WARN_64_TO_32_BIT_CONVERSION = YES;
				GCC_WARN_ABOUT_RETURN_TYPE = YES_ERROR;
				GCC_WARN_UNDECLARED_SELECTOR = YES;
				GCC_WARN_UNINITIALIZED_AUTOS = YES_AGGRESSIVE;
				GCC_WARN_UNUSED_FUNCTION = YES;
				GCC_WARN_UNUSED_VARIABLE = YES;
				IPHONEOS_DEPLOYMENT_TARGET = 15.5;
				MTL_ENABLE_DEBUG_INFO = INCLUDE_SOURCE;
				MTL_FAST_MATH = YES;
				ONLY_ACTIVE_ARCH = YES;
				SDKROOT = iphoneos;
				SWIFT_ACTIVE_COMPILATION_CONDITIONS = DEBUG;
				SWIFT_OPTIMIZATION_LEVEL = "-Onone";
			};
			name = Debug;
		};
		26521C9028A43F1B0003F7E7 /* Release */ = {
			isa = XCBuildConfiguration;
			buildSettings = {
				ALWAYS_SEARCH_USER_PATHS = NO;
				CLANG_ANALYZER_NONNULL = YES;
				CLANG_ANALYZER_NUMBER_OBJECT_CONVERSION = YES_AGGRESSIVE;
				CLANG_CXX_LANGUAGE_STANDARD = "gnu++17";
				CLANG_ENABLE_MODULES = YES;
				CLANG_ENABLE_OBJC_ARC = YES;
				CLANG_ENABLE_OBJC_WEAK = YES;
				CLANG_WARN_BLOCK_CAPTURE_AUTORELEASING = YES;
				CLANG_WARN_BOOL_CONVERSION = YES;
				CLANG_WARN_COMMA = YES;
				CLANG_WARN_CONSTANT_CONVERSION = YES;
				CLANG_WARN_DEPRECATED_OBJC_IMPLEMENTATIONS = YES;
				CLANG_WARN_DIRECT_OBJC_ISA_USAGE = YES_ERROR;
				CLANG_WARN_DOCUMENTATION_COMMENTS = YES;
				CLANG_WARN_EMPTY_BODY = YES;
				CLANG_WARN_ENUM_CONVERSION = YES;
				CLANG_WARN_INFINITE_RECURSION = YES;
				CLANG_WARN_INT_CONVERSION = YES;
				CLANG_WARN_NON_LITERAL_NULL_CONVERSION = YES;
				CLANG_WARN_OBJC_IMPLICIT_RETAIN_SELF = YES;
				CLANG_WARN_OBJC_LITERAL_CONVERSION = YES;
				CLANG_WARN_OBJC_ROOT_CLASS = YES_ERROR;
				CLANG_WARN_QUOTED_INCLUDE_IN_FRAMEWORK_HEADER = YES;
				CLANG_WARN_RANGE_LOOP_ANALYSIS = YES;
				CLANG_WARN_STRICT_PROTOTYPES = YES;
				CLANG_WARN_SUSPICIOUS_MOVE = YES;
				CLANG_WARN_UNGUARDED_AVAILABILITY = YES_AGGRESSIVE;
				CLANG_WARN_UNREACHABLE_CODE = YES;
				CLANG_WARN__DUPLICATE_METHOD_MATCH = YES;
				COPY_PHASE_STRIP = NO;
				DEBUG_INFORMATION_FORMAT = "dwarf-with-dsym";
				ENABLE_NS_ASSERTIONS = NO;
				ENABLE_STRICT_OBJC_MSGSEND = YES;
				GCC_C_LANGUAGE_STANDARD = gnu11;
				GCC_NO_COMMON_BLOCKS = YES;
				GCC_WARN_64_TO_32_BIT_CONVERSION = YES;
				GCC_WARN_ABOUT_RETURN_TYPE = YES_ERROR;
				GCC_WARN_UNDECLARED_SELECTOR = YES;
				GCC_WARN_UNINITIALIZED_AUTOS = YES_AGGRESSIVE;
				GCC_WARN_UNUSED_FUNCTION = YES;
				GCC_WARN_UNUSED_VARIABLE = YES;
				IPHONEOS_DEPLOYMENT_TARGET = 15.5;
				MTL_ENABLE_DEBUG_INFO = NO;
				MTL_FAST_MATH = YES;
				SDKROOT = iphoneos;
				SWIFT_COMPILATION_MODE = wholemodule;
				SWIFT_OPTIMIZATION_LEVEL = "-O";
				VALIDATE_PRODUCT = YES;
			};
			name = Release;
		};
		26521C9228A43F1B0003F7E7 /* Debug */ = {
			isa = XCBuildConfiguration;
			buildSettings = {
				CODE_SIGN_STYLE = Automatic;
				CURRENT_PROJECT_VERSION = 1;
				GENERATE_INFOPLIST_FILE = YES;
				INFOPLIST_FILE = "AML test Extension/Info.plist";
				INFOPLIST_KEY_CFBundleDisplayName = "AML test Extension";
				INFOPLIST_KEY_NSHumanReadableCopyright = "";
				IPHONEOS_DEPLOYMENT_TARGET = 15.0;
				LD_RUNPATH_SEARCH_PATHS = (
					"$(inherited)",
					"@executable_path/Frameworks",
					"@executable_path/../../Frameworks",
				);
				MARKETING_VERSION = 1.0;
				OTHER_LDFLAGS = (
					"-framework",
					SafariServices,
				);
				PRODUCT_BUNDLE_IDENTIFIER = "Adelaida.AML-test.Extension";
				PRODUCT_NAME = "$(TARGET_NAME)";
				SKIP_INSTALL = YES;
				SWIFT_EMIT_LOC_STRINGS = YES;
				SWIFT_VERSION = 5.0;
				TARGETED_DEVICE_FAMILY = "1,2";
			};
			name = Debug;
		};
		26521C9328A43F1B0003F7E7 /* Release */ = {
			isa = XCBuildConfiguration;
			buildSettings = {
				CODE_SIGN_STYLE = Automatic;
				CURRENT_PROJECT_VERSION = 1;
				GENERATE_INFOPLIST_FILE = YES;
				INFOPLIST_FILE = "AML test Extension/Info.plist";
				INFOPLIST_KEY_CFBundleDisplayName = "AML test Extension";
				INFOPLIST_KEY_NSHumanReadableCopyright = "";
				IPHONEOS_DEPLOYMENT_TARGET = 15.0;
				LD_RUNPATH_SEARCH_PATHS = (
					"$(inherited)",
					"@executable_path/Frameworks",
					"@executable_path/../../Frameworks",
				);
				MARKETING_VERSION = 1.0;
				OTHER_LDFLAGS = (
					"-framework",
					SafariServices,
				);
				PRODUCT_BUNDLE_IDENTIFIER = "Adelaida.AML-test.Extension";
				PRODUCT_NAME = "$(TARGET_NAME)";
				SKIP_INSTALL = YES;
				SWIFT_EMIT_LOC_STRINGS = YES;
				SWIFT_VERSION = 5.0;
				TARGETED_DEVICE_FAMILY = "1,2";
			};
			name = Release;
		};
		26521C9628A43F1B0003F7E7 /* Debug */ = {
			isa = XCBuildConfiguration;
			buildSettings = {
				ALWAYS_EMBED_SWIFT_STANDARD_LIBRARIES = YES;
				ASSETCATALOG_COMPILER_APPICON_NAME = AppIcon;
				ASSETCATALOG_COMPILER_GLOBAL_ACCENT_COLOR_NAME = AccentColor;
				CODE_SIGN_STYLE = Automatic;
				CURRENT_PROJECT_VERSION = 1;
				GENERATE_INFOPLIST_FILE = YES;
				INFOPLIST_FILE = "AML test/Info.plist";
				INFOPLIST_KEY_CFBundleDisplayName = "AML test";
				INFOPLIST_KEY_UIApplicationSupportsIndirectInputEvents = YES;
				INFOPLIST_KEY_UILaunchStoryboardName = LaunchScreen;
				INFOPLIST_KEY_UIMainStoryboardFile = Main;
				INFOPLIST_KEY_UISupportedInterfaceOrientations_iPad = "UIInterfaceOrientationPortrait UIInterfaceOrientationPortraitUpsideDown UIInterfaceOrientationLandscapeLeft UIInterfaceOrientationLandscapeRight";
				INFOPLIST_KEY_UISupportedInterfaceOrientations_iPhone = "UIInterfaceOrientationPortrait UIInterfaceOrientationLandscapeLeft UIInterfaceOrientationLandscapeRight";
				IPHONEOS_DEPLOYMENT_TARGET = 15.0;
				LD_RUNPATH_SEARCH_PATHS = (
					"$(inherited)",
					"@executable_path/Frameworks",
				);
				MARKETING_VERSION = 1.0;
				OTHER_LDFLAGS = (
					"-framework",
					SafariServices,
					"-framework",
					WebKit,
				);
				PRODUCT_BUNDLE_IDENTIFIER = "Adelaida.AML-test";
				PRODUCT_NAME = "$(TARGET_NAME)";
				SWIFT_EMIT_LOC_STRINGS = YES;
				SWIFT_VERSION = 5.0;
				TARGETED_DEVICE_FAMILY = "1,2";
			};
			name = Debug;
		};
		26521C9728A43F1B0003F7E7 /* Release */ = {
			isa = XCBuildConfiguration;
			buildSettings = {
				ALWAYS_EMBED_SWIFT_STANDARD_LIBRARIES = YES;
				ASSETCATALOG_COMPILER_APPICON_NAME = AppIcon;
				ASSETCATALOG_COMPILER_GLOBAL_ACCENT_COLOR_NAME = AccentColor;
				CODE_SIGN_STYLE = Automatic;
				CURRENT_PROJECT_VERSION = 1;
				GENERATE_INFOPLIST_FILE = YES;
				INFOPLIST_FILE = "AML test/Info.plist";
				INFOPLIST_KEY_CFBundleDisplayName = "AML test";
				INFOPLIST_KEY_UIApplicationSupportsIndirectInputEvents = YES;
				INFOPLIST_KEY_UILaunchStoryboardName = LaunchScreen;
				INFOPLIST_KEY_UIMainStoryboardFile = Main;
				INFOPLIST_KEY_UISupportedInterfaceOrientations_iPad = "UIInterfaceOrientationPortrait UIInterfaceOrientationPortraitUpsideDown UIInterfaceOrientationLandscapeLeft UIInterfaceOrientationLandscapeRight";
				INFOPLIST_KEY_UISupportedInterfaceOrientations_iPhone = "UIInterfaceOrientationPortrait UIInterfaceOrientationLandscapeLeft UIInterfaceOrientationLandscapeRight";
				IPHONEOS_DEPLOYMENT_TARGET = 15.0;
				LD_RUNPATH_SEARCH_PATHS = (
					"$(inherited)",
					"@executable_path/Frameworks",
				);
				MARKETING_VERSION = 1.0;
				OTHER_LDFLAGS = (
					"-framework",
					SafariServices,
					"-framework",
					WebKit,
				);
				PRODUCT_BUNDLE_IDENTIFIER = "Adelaida.AML-test";
				PRODUCT_NAME = "$(TARGET_NAME)";
				SWIFT_EMIT_LOC_STRINGS = YES;
				SWIFT_VERSION = 5.0;
				TARGETED_DEVICE_FAMILY = "1,2";
			};
			name = Release;
		};
		26521C9928A43F1B0003F7E7 /* Debug */ = {
			isa = XCBuildConfiguration;
			buildSettings = {
				ALWAYS_EMBED_SWIFT_STANDARD_LIBRARIES = YES;
				BUNDLE_LOADER = "$(TEST_HOST)";
				CODE_SIGN_STYLE = Automatic;
				CURRENT_PROJECT_VERSION = 1;
				GENERATE_INFOPLIST_FILE = YES;
				IPHONEOS_DEPLOYMENT_TARGET = 15.0;
				MARKETING_VERSION = 1.0;
				PRODUCT_BUNDLE_IDENTIFIER = "Adelaida.AML-testTests";
				PRODUCT_NAME = "$(TARGET_NAME)";
				SWIFT_EMIT_LOC_STRINGS = NO;
				SWIFT_VERSION = 5.0;
				TARGETED_DEVICE_FAMILY = "1,2";
				TEST_HOST = "$(BUILT_PRODUCTS_DIR)/AML test.app/AML test";
			};
			name = Debug;
		};
		26521C9A28A43F1B0003F7E7 /* Release */ = {
			isa = XCBuildConfiguration;
			buildSettings = {
				ALWAYS_EMBED_SWIFT_STANDARD_LIBRARIES = YES;
				BUNDLE_LOADER = "$(TEST_HOST)";
				CODE_SIGN_STYLE = Automatic;
				CURRENT_PROJECT_VERSION = 1;
				GENERATE_INFOPLIST_FILE = YES;
				IPHONEOS_DEPLOYMENT_TARGET = 15.0;
				MARKETING_VERSION = 1.0;
				PRODUCT_BUNDLE_IDENTIFIER = "Adelaida.AML-testTests";
				PRODUCT_NAME = "$(TARGET_NAME)";
				SWIFT_EMIT_LOC_STRINGS = NO;
				SWIFT_VERSION = 5.0;
				TARGETED_DEVICE_FAMILY = "1,2";
				TEST_HOST = "$(BUILT_PRODUCTS_DIR)/AML test.app/AML test";
			};
			name = Release;
		};
		26521C9C28A43F1B0003F7E7 /* Debug */ = {
			isa = XCBuildConfiguration;
			buildSettings = {
				ALWAYS_EMBED_SWIFT_STANDARD_LIBRARIES = YES;
				CODE_SIGN_STYLE = Automatic;
				CURRENT_PROJECT_VERSION = 1;
				GENERATE_INFOPLIST_FILE = YES;
				MARKETING_VERSION = 1.0;
				PRODUCT_BUNDLE_IDENTIFIER = "Adelaida.AML-testUITests";
				PRODUCT_NAME = "$(TARGET_NAME)";
				SWIFT_EMIT_LOC_STRINGS = NO;
				SWIFT_VERSION = 5.0;
				TARGETED_DEVICE_FAMILY = "1,2";
				TEST_TARGET_NAME = "AML test";
			};
			name = Debug;
		};
		26521C9D28A43F1B0003F7E7 /* Release */ = {
			isa = XCBuildConfiguration;
			buildSettings = {
				ALWAYS_EMBED_SWIFT_STANDARD_LIBRARIES = YES;
				CODE_SIGN_STYLE = Automatic;
				CURRENT_PROJECT_VERSION = 1;
				GENERATE_INFOPLIST_FILE = YES;
				MARKETING_VERSION = 1.0;
				PRODUCT_BUNDLE_IDENTIFIER = "Adelaida.AML-testUITests";
				PRODUCT_NAME = "$(TARGET_NAME)";
				SWIFT_EMIT_LOC_STRINGS = NO;
				SWIFT_VERSION = 5.0;
				TARGETED_DEVICE_FAMILY = "1,2";
				TEST_TARGET_NAME = "AML test";
			};
			name = Release;
		};
/* End XCBuildConfiguration section */

/* Begin XCConfigurationList section */
		26521C3D28A43F160003F7E7 /* Build configuration list for PBXProject "AML test" */ = {
			isa = XCConfigurationList;
			buildConfigurations = (
				26521C8F28A43F1B0003F7E7 /* Debug */,
				26521C9028A43F1B0003F7E7 /* Release */,
			);
			defaultConfigurationIsVisible = 0;
			defaultConfigurationName = Release;
		};
		26521C9128A43F1B0003F7E7 /* Build configuration list for PBXNativeTarget "AML test Extension" */ = {
			isa = XCConfigurationList;
			buildConfigurations = (
				26521C9228A43F1B0003F7E7 /* Debug */,
				26521C9328A43F1B0003F7E7 /* Release */,
			);
			defaultConfigurationIsVisible = 0;
			defaultConfigurationName = Release;
		};
		26521C9528A43F1B0003F7E7 /* Build configuration list for PBXNativeTarget "AML test" */ = {
			isa = XCConfigurationList;
			buildConfigurations = (
				26521C9628A43F1B0003F7E7 /* Debug */,
				26521C9728A43F1B0003F7E7 /* Release */,
			);
			defaultConfigurationIsVisible = 0;
			defaultConfigurationName = Release;
		};
		26521C9828A43F1B0003F7E7 /* Build configuration list for PBXNativeTarget "AML testTests" */ = {
			isa = XCConfigurationList;
			buildConfigurations = (
				26521C9928A43F1B0003F7E7 /* Debug */,
				26521C9A28A43F1B0003F7E7 /* Release */,
			);
			defaultConfigurationIsVisible = 0;
			defaultConfigurationName = Release;
		};
		26521C9B28A43F1B0003F7E7 /* Build configuration list for PBXNativeTarget "AML testUITests" */ = {
			isa = XCConfigurationList;
			buildConfigurations = (
				26521C9C28A43F1B0003F7E7 /* Debug */,
				26521C9D28A43F1B0003F7E7 /* Release */,
			);
			defaultConfigurationIsVisible = 0;
			defaultConfigurationName = Release;
		};
/* End XCConfigurationList section */
	};
	rootObject = 26521C3A28A43F160003F7E7 /* Project object */;
}
